Microsoft Visual Studio Solution File, Format Version 12.00
# Visual Studio Version 17
VisualStudioVersion = 17.5.2.0
MinimumVisualStudioVersion = 10.0.40219.1
Project("{2150E333-8FDC-42A3-9474-1A3956D46DE8}") = "backend", "backend", "{1AE8ACA6-933B-BF2A-3671-3E2EAC007D16}"
EndProject
Project("{2150E333-8FDC-42A3-9474-1A3956D46DE8}") = "core-service", "core-service", "{C11EC0B4-BCAD-3959-9415-83B6EA0977AA}"
EndProject
Project("{FAE04EC0-301F-11D3-BF4B-00C04F79EFBC}") = "backend", "backend\core-service\backend.csproj", "{ABFDC8D2-2890-9F9B-B364-306BA6786091}"
EndProject
Global
	GlobalSection(SolutionConfigurationPlatforms) = preSolution
		Debug|Any CPU = Debug|Any CPU
		Release|Any CPU = Release|Any CPU
	EndGlobalSection
	GlobalSection(ProjectConfigurationPlatforms) = postSolution
		{ABFDC8D2-2890-9F9B-B364-306BA6786091}.Debug|Any CPU.ActiveCfg = Debug|Any CPU
		{ABFDC8D2-2890-9F9B-B364-306BA6786091}.Debug|Any CPU.Build.0 = Debug|Any CPU
		{ABFDC8D2-2890-9F9B-B364-306BA6786091}.Release|Any CPU.ActiveCfg = Release|Any CPU
		{ABFDC8D2-2890-9F9B-B364-306BA6786091}.Release|Any CPU.Build.0 = Release|Any CPU
	EndGlobalSection
	GlobalSection(SolutionProperties) = preSolution
		HideSolutionNode = FALSE
	EndGlobalSection
	GlobalSection(NestedProjects) = preSolution
		{C11EC0B4-BCAD-3959-9415-83B6EA0977AA} = {1AE8ACA6-933B-BF2A-3671-3E2EAC007D16}
		{ABFDC8D2-2890-9F9B-B364-306BA6786091} = {C11EC0B4-BCAD-3959-9415-83B6EA0977AA}
	EndGlobalSection
	GlobalSection(ExtensibilityGlobals) = postSolution
		SolutionGuid = {E6244A6F-238C-4123-8BE1-2F4B086A8A09}
	EndGlobalSection
EndGlobal
